
Microsoft Visual Studio Solution File, Format Version 12.00
# Visual Studio Version 17
VisualStudioVersion = 17.5.001.0
MinimumVisualStudioVersion = 10.0.40219.1
Project("{9A19103F-16F7-4668-BE54-9A1E7A4F7556}") = "task 1", "task 1.csproj", "{CDDD90A6-9FCB-4244-8C08-C580E79F6FB8}"
EndProject
Global
	GlobalSection(SolutionConfigurationPlatforms) = preSolution
		Debug|Any CPU = Debug|Any CPU
		Release|Any CPU = Release|Any CPU
	EndGlobalSection
	GlobalSection(ProjectConfigurationPlatforms) = postSolution
		{CDDD90A6-9FCB-4244-8C08-C580E79F6FB8}.Debug|Any CPU.ActiveCfg = Debug|Any CPU
		{CDDD90A6-9FCB-4244-8C08-C580E79F6FB8}.Debug|Any CPU.Build.0 = Debug|Any CPU
		{CDDD90A6-9FCB-4244-8C08-C580E79F6FB8}.Release|Any CPU.ActiveCfg = Release|Any CPU
		{CDDD90A6-9FCB-4244-8C08-C580E79F6FB8}.Release|Any CPU.Build.0 = Release|Any CPU
	EndGlobalSection
	GlobalSection(SolutionProperties) = preSolution
		HideSolutionNode = FALSE
	EndGlobalSection
	GlobalSection(ExtensibilityGlobals) = postSolution
		SolutionGuid = {C92F0A47-7ADD-4977-A0A1-F37F501749D3}
	EndGlobalSection
EndGlobal
